
Microsoft Visual Studio Solution File, Format Version 12.00
# Visual Studio Version 16
VisualStudioVersion = 16.0.29806.167
MinimumVisualStudioVersion = 10.0.40219.1
Project("{9A19103F-16F7-4668-BE54-9A1E7A4F7556}") = "Pokemon.Api", "Pokemon.Api\Pokemon.Api.csproj", "{78220113-22BB-47C2-A370-73BF4C6B4FDA}"
EndProject
Project("{9A19103F-16F7-4668-BE54-9A1E7A4F7556}") = "Pokemon.Core", "Pokemon.Core\Pokemon.Core.csproj", "{1AB8543F-2B33-499E-867A-15111E32A7C1}"
EndProject
Project("{9A19103F-16F7-4668-BE54-9A1E7A4F7556}") = "Pokemon.Api.Tests", "Pokemon.Api.Tests\Pokemon.Api.Tests.csproj", "{79F8CE89-563B-4795-A1E2-4E5CBA3289F9}"
EndProject
Project("{9A19103F-16F7-4668-BE54-9A1E7A4F7556}") = "Pokemon.Core.Tests", "Pokemon.Core.Tests\Pokemon.Core.Tests.csproj", "{D5359463-63C0-4F6F-A4D1-0925DA4D3A57}"
EndProject
Project("{9A19103F-16F7-4668-BE54-9A1E7A4F7556}") = "Pokemon.FunctionalTests", "Pokemon.FunctionalTests\Pokemon.FunctionalTests.csproj", "{3906FC2B-408A-487E-A143-F2C7F2D6CCC9}"
EndProject
Project("{2150E333-8FDC-42A3-9474-1A3956D46DE8}") = "Docker", "Docker", "{4C783F26-9D09-403E-8F06-E23CDFDA9719}"
	ProjectSection(SolutionItems) = preProject
		.dockerignore = .dockerignore
		Dockerfile = Dockerfile
	EndProjectSection
EndProject
Global
	GlobalSection(SolutionConfigurationPlatforms) = preSolution
		Debug|Any CPU = Debug|Any CPU
		Release|Any CPU = Release|Any CPU
	EndGlobalSection
	GlobalSection(ProjectConfigurationPlatforms) = postSolution
		{78220113-22BB-47C2-A370-73BF4C6B4FDA}.Debug|Any CPU.ActiveCfg = Debug|Any CPU
		{78220113-22BB-47C2-A370-73BF4C6B4FDA}.Debug|Any CPU.Build.0 = Debug|Any CPU
		{78220113-22BB-47C2-A370-73BF4C6B4FDA}.Release|Any CPU.ActiveCfg = Release|Any CPU
		{78220113-22BB-47C2-A370-73BF4C6B4FDA}.Release|Any CPU.Build.0 = Release|Any CPU
		{1AB8543F-2B33-499E-867A-15111E32A7C1}.Debug|Any CPU.ActiveCfg = Debug|Any CPU
		{1AB8543F-2B33-499E-867A-15111E32A7C1}.Debug|Any CPU.Build.0 = Debug|Any CPU
		{1AB8543F-2B33-499E-867A-15111E32A7C1}.Release|Any CPU.ActiveCfg = Release|Any CPU
		{1AB8543F-2B33-499E-867A-15111E32A7C1}.Release|Any CPU.Build.0 = Release|Any CPU
		{79F8CE89-563B-4795-A1E2-4E5CBA3289F9}.Debug|Any CPU.ActiveCfg = Debug|Any CPU
		{79F8CE89-563B-4795-A1E2-4E5CBA3289F9}.Debug|Any CPU.Build.0 = Debug|Any CPU
		{79F8CE89-563B-4795-A1E2-4E5CBA3289F9}.Release|Any CPU.ActiveCfg = Release|Any CPU
		{79F8CE89-563B-4795-A1E2-4E5CBA3289F9}.Release|Any CPU.Build.0 = Release|Any CPU
		{D5359463-63C0-4F6F-A4D1-0925DA4D3A57}.Debug|Any CPU.ActiveCfg = Debug|Any CPU
		{D5359463-63C0-4F6F-A4D1-0925DA4D3A57}.Debug|Any CPU.Build.0 = Debug|Any CPU
		{D5359463-63C0-4F6F-A4D1-0925DA4D3A57}.Release|Any CPU.ActiveCfg = Release|Any CPU
		{D5359463-63C0-4F6F-A4D1-0925DA4D3A57}.Release|Any CPU.Build.0 = Release|Any CPU
		{3906FC2B-408A-487E-A143-F2C7F2D6CCC9}.Debug|Any CPU.ActiveCfg = Debug|Any CPU
		{3906FC2B-408A-487E-A143-F2C7F2D6CCC9}.Debug|Any CPU.Build.0 = Debug|Any CPU
		{3906FC2B-408A-487E-A143-F2C7F2D6CCC9}.Release|Any CPU.ActiveCfg = Release|Any CPU
		{3906FC2B-408A-487E-A143-F2C7F2D6CCC9}.Release|Any CPU.Build.0 = Release|Any CPU
	EndGlobalSection
	GlobalSection(SolutionProperties) = preSolution
		HideSolutionNode = FALSE
	EndGlobalSection
	GlobalSection(ExtensibilityGlobals) = postSolution
		SolutionGuid = {78BDB9C9-3C17-4484-B477-D2F8C231E95D}
	EndGlobalSection
EndGlobal
